Microsoft Visual Studio Solution File, Format Version 12.00
# Visual Studio 15
VisualStudioVersion = 15.0.26606.0
MinimumVisualStudioVersion = 15.0.26124.0
Project("{9A19103F-16F7-4668-BE54-9A1E7A4F7556}") = "FrontEnd", "FrontEnd\FrontEnd.csproj", "{A469FEEE-23AA-465D-9EA9-5BC08DBD0E8A}"
EndProject
Project("{9A19103F-16F7-4668-BE54-9A1E7A4F7556}") = "ConferenceDTO", "ConferenceDTO\ConferenceDTO.csproj", "{BCA344D1-E05C-437B-8BC1-B2E9340FC582}"
EndProject
Project("{9A19103F-16F7-4668-BE54-9A1E7A4F7556}") = "BackEnd", "BackEnd\BackEnd.csproj", "{ED594F44-B6BE-40E9-954D-A319FBF88580}"
EndProject
Global
	GlobalSection(SolutionConfigurationPlatforms) = preSolution
		Debug|Any CPU = Debug|Any CPU
		Debug|x64 = Debug|x64
		Debug|x86 = Debug|x86
		Release|Any CPU = Release|Any CPU
		Release|x64 = Release|x64
		Release|x86 = Release|x86
	EndGlobalSection
	GlobalSection(ProjectConfigurationPlatforms) = postSolution
		{A469FEEE-23AA-465D-9EA9-5BC08DBD0E8A}.Debug|Any CPU.ActiveCfg = Debug|Any CPU
		{A469FEEE-23AA-465D-9EA9-5BC08DBD0E8A}.Debug|Any CPU.Build.0 = Debug|Any CPU
		{A469FEEE-23AA-465D-9EA9-5BC08DBD0E8A}.Debug|x64.ActiveCfg = Debug|Any CPU
		{A469FEEE-23AA-465D-9EA9-5BC08DBD0E8A}.Debug|x64.Build.0 = Debug|Any CPU
		{A469FEEE-23AA-465D-9EA9-5BC08DBD0E8A}.Debug|x86.ActiveCfg = Debug|Any CPU
		{A469FEEE-23AA-465D-9EA9-5BC08DBD0E8A}.Debug|x86.Build.0 = Debug|Any CPU
		{A469FEEE-23AA-465D-9EA9-5BC08DBD0E8A}.Release|Any CPU.ActiveCfg = Release|Any CPU
		{A469FEEE-23AA-465D-9EA9-5BC08DBD0E8A}.Release|Any CPU.Build.0 = Release|Any CPU
		{A469FEEE-23AA-465D-9EA9-5BC08DBD0E8A}.Release|x64.ActiveCfg = Release|Any CPU
		{A469FEEE-23AA-465D-9EA9-5BC08DBD0E8A}.Release|x64.Build.0 = Release|Any CPU
		{A469FEEE-23AA-465D-9EA9-5BC08DBD0E8A}.Release|x86.ActiveCfg = Release|Any CPU
		{A469FEEE-23AA-465D-9EA9-5BC08DBD0E8A}.Release|x86.Build.0 = Release|Any CPU
		{BCA344D1-E05C-437B-8BC1-B2E9340FC582}.Debug|Any CPU.ActiveCfg = Debug|Any CPU
		{BCA344D1-E05C-437B-8BC1-B2E9340FC582}.Debug|Any CPU.Build.0 = Debug|Any CPU
		{BCA344D1-E05C-437B-8BC1-B2E9340FC582}.Debug|x64.ActiveCfg = Debug|Any CPU
		{BCA344D1-E05C-437B-8BC1-B2E9340FC582}.Debug|x64.Build.0 = Debug|Any CPU
		{BCA344D1-E05C-437B-8BC1-B2E9340FC582}.Debug|x86.ActiveCfg = Debug|Any CPU
		{BCA344D1-E05C-437B-8BC1-B2E9340FC582}.Debug|x86.Build.0 = Debug|Any CPU
		{BCA344D1-E05C-437B-8BC1-B2E9340FC582}.Release|Any CPU.ActiveCfg = Release|Any CPU
		{BCA344D1-E05C-437B-8BC1-B2E9340FC582}.Release|Any CPU.Build.0 = Release|Any CPU
		{BCA344D1-E05C-437B-8BC1-B2E9340FC582}.Release|x64.ActiveCfg = Release|Any CPU
		{BCA344D1-E05C-437B-8BC1-B2E9340FC582}.Release|x64.Build.0 = Release|Any CPU
		{BCA344D1-E05C-437B-8BC1-B2E9340FC582}.Release|x86.ActiveCfg = Release|Any CPU
		{BCA344D1-E05C-437B-8BC1-B2E9340FC582}.Release|x86.Build.0 = Release|Any CPU
		{ED594F44-B6BE-40E9-954D-A319FBF88580}.Debug|Any CPU.ActiveCfg = Debug|Any CPU
		{ED594F44-B6BE-40E9-954D-A319FBF88580}.Debug|Any CPU.Build.0 = Debug|Any CPU
		{ED594F44-B6BE-40E9-954D-A319FBF88580}.Debug|x64.ActiveCfg = Debug|Any CPU
		{ED594F44-B6BE-40E9-954D-A319FBF88580}.Debug|x64.Build.0 = Debug|Any CPU
		{ED594F44-B6BE-40E9-954D-A319FBF88580}.Debug|x86.ActiveCfg = Debug|Any CPU
		{ED594F44-B6BE-40E9-954D-A319FBF88580}.Debug|x86.Build.0 = Debug|Any CPU
		{ED594F44-B6BE-40E9-954D-A319FBF88580}.Release|Any CPU.ActiveCfg = Release|Any CPU
		{ED594F44-B6BE-40E9-954D-A319FBF88580}.Release|Any CPU.Build.0 = Release|Any CPU
		{ED594F44-B6BE-40E9-954D-A319FBF88580}.Release|x64.ActiveCfg = Release|Any CPU
		{ED594F44-B6BE-40E9-954D-A319FBF88580}.Release|x64.Build.0 = Release|Any CPU
		{ED594F44-B6BE-40E9-954D-A319FBF88580}.Release|x86.ActiveCfg = Release|Any CPU
		{ED594F44-B6BE-40E9-954D-A319FBF88580}.Release|x86.Build.0 = Release|Any CPU
	EndGlobalSection
	GlobalSection(SolutionProperties) = preSolution
		HideSolutionNode = FALSE
	EndGlobalSection
	GlobalSection(ExtensibilityGlobals) = postSolution
		SolutionGuid = {54118959-AE89-4739-B99F-20A3C723E5C1}
	EndGlobalSection
EndGlobal
